
Microsoft Visual Studio Solution File, Format Version 12.00
# Visual Studio Version 17
VisualStudioVersion = 17.5.33530.505
MinimumVisualStudioVersion = 10.0.40219.1
Project("{888888A0-9F3D-457C-B088-3A5042F75D52}") = "BattleMagi", "BattleMagi.pyproj", "{C014DF14-C15F-4A27-BD41-9611D0CD6EDD}"
EndProject
Global
	GlobalSection(SolutionConfigurationPlatforms) = preSolution
		Debug|Any CPU = Debug|Any CPU
		Release|Any CPU = Release|Any CPU
	EndGlobalSection
	GlobalSection(ProjectConfigurationPlatforms) = postSolution
		{C014DF14-C15F-4A27-BD41-9611D0CD6EDD}.Debug|Any CPU.ActiveCfg = Debug|Any CPU
		{C014DF14-C15F-4A27-BD41-9611D0CD6EDD}.Release|Any CPU.ActiveCfg = Release|Any CPU
	EndGlobalSection
	GlobalSection(SolutionProperties) = preSolution
		HideSolutionNode = FALSE
	EndGlobalSection
	GlobalSection(ExtensibilityGlobals) = postSolution
		SolutionGuid = {72CF2D4B-9235-4556-BC71-327907ACA842}
	EndGlobalSection
EndGlobal
